
Microsoft Visual Studio Solution File, Format Version 12.00
# Visual Studio Version 17
VisualStudioVersion = 17.1.32210.238
MinimumVisualStudioVersion = 10.0.40219.1
Project("{9A19103F-16F7-4668-BE54-9A1E7A4F7556}") = "Core.API", "API\Core.API.csproj", "{C9A4D693-C722-431A-A89F-3AB5ABA9DCF7}"
	ProjectSection(ProjectDependencies) = postProject
		{44865505-7EBB-45AA-82C6-A1D4DA402EB0} = {44865505-7EBB-45AA-82C6-A1D4DA402EB0}
		{B09868FD-8C05-42B3-8538-E136D1909B6E} = {B09868FD-8C05-42B3-8538-E136D1909B6E}
	EndProjectSection
EndProject
Project("{9A19103F-16F7-4668-BE54-9A1E7A4F7556}") = "Core.Contract", "Contract\Core.Contract.csproj", "{D8752CCB-3F47-473D-BF89-B798ECBFBAB8}"
EndProject
Project("{9A19103F-16F7-4668-BE54-9A1E7A4F7556}") = "Core.Logic", "Logic\Core.Logic.csproj", "{B09868FD-8C05-42B3-8538-E136D1909B6E}"
EndProject
Project("{9A19103F-16F7-4668-BE54-9A1E7A4F7556}") = "Core.Persistence", "Persistence\Core.Persistence.csproj", "{44865505-7EBB-45AA-82C6-A1D4DA402EB0}"
EndProject
Project("{2150E333-8FDC-42A3-9474-1A3956D46DE8}") = "Solution Items", "Solution Items", "{06800F60-9661-47A7-BBE5-62E9F43AAECC}"
	ProjectSection(SolutionItems) = preProject
		.editorconfig = .editorconfig
		stylecop.json = stylecop.json
	EndProjectSection
EndProject
Project("{9A19103F-16F7-4668-BE54-9A1E7A4F7556}") = "Core.Logic.Tests", "Logic.Tests\Core.Logic.Tests.csproj", "{C1AC0925-C5B3-4F4A-83B0-377F0DC594A4}"
EndProject
Global
	GlobalSection(SolutionConfigurationPlatforms) = preSolution
		Debug|Any CPU = Debug|Any CPU
		Release|Any CPU = Release|Any CPU
	EndGlobalSection
	GlobalSection(ProjectConfigurationPlatforms) = postSolution
		{C9A4D693-C722-431A-A89F-3AB5ABA9DCF7}.Debug|Any CPU.ActiveCfg = Debug|Any CPU
		{C9A4D693-C722-431A-A89F-3AB5ABA9DCF7}.Debug|Any CPU.Build.0 = Debug|Any CPU
		{C9A4D693-C722-431A-A89F-3AB5ABA9DCF7}.Release|Any CPU.ActiveCfg = Release|Any CPU
		{C9A4D693-C722-431A-A89F-3AB5ABA9DCF7}.Release|Any CPU.Build.0 = Release|Any CPU
		{D8752CCB-3F47-473D-BF89-B798ECBFBAB8}.Debug|Any CPU.ActiveCfg = Debug|Any CPU
		{D8752CCB-3F47-473D-BF89-B798ECBFBAB8}.Debug|Any CPU.Build.0 = Debug|Any CPU
		{D8752CCB-3F47-473D-BF89-B798ECBFBAB8}.Release|Any CPU.ActiveCfg = Release|Any CPU
		{D8752CCB-3F47-473D-BF89-B798ECBFBAB8}.Release|Any CPU.Build.0 = Release|Any CPU
		{B09868FD-8C05-42B3-8538-E136D1909B6E}.Debug|Any CPU.ActiveCfg = Debug|Any CPU
		{B09868FD-8C05-42B3-8538-E136D1909B6E}.Debug|Any CPU.Build.0 = Debug|Any CPU
		{B09868FD-8C05-42B3-8538-E136D1909B6E}.Release|Any CPU.ActiveCfg = Release|Any CPU
		{B09868FD-8C05-42B3-8538-E136D1909B6E}.Release|Any CPU.Build.0 = Release|Any CPU
		{44865505-7EBB-45AA-82C6-A1D4DA402EB0}.Debug|Any CPU.ActiveCfg = Debug|Any CPU
		{44865505-7EBB-45AA-82C6-A1D4DA402EB0}.Debug|Any CPU.Build.0 = Debug|Any CPU
		{44865505-7EBB-45AA-82C6-A1D4DA402EB0}.Release|Any CPU.ActiveCfg = Release|Any CPU
		{44865505-7EBB-45AA-82C6-A1D4DA402EB0}.Release|Any CPU.Build.0 = Release|Any CPU
		{C1AC0925-C5B3-4F4A-83B0-377F0DC594A4}.Debug|Any CPU.ActiveCfg = Debug|Any CPU
		{C1AC0925-C5B3-4F4A-83B0-377F0DC594A4}.Debug|Any CPU.Build.0 = Debug|Any CPU
		{C1AC0925-C5B3-4F4A-83B0-377F0DC594A4}.Release|Any CPU.ActiveCfg = Release|Any CPU
		{C1AC0925-C5B3-4F4A-83B0-377F0DC594A4}.Release|Any CPU.Build.0 = Release|Any CPU
	EndGlobalSection
	GlobalSection(SolutionProperties) = preSolution
		HideSolutionNode = FALSE
	EndGlobalSection
	GlobalSection(ExtensibilityGlobals) = postSolution
		SolutionGuid = {F1D3F488-4EE7-4105-A9DF-7CAC1AA5949C}
	EndGlobalSection
EndGlobal
